<?xml version="1.0" encoding="utf-8"?>
<Project ToolsVersion="4.0" xmlns="http://schemas.microsoft.com/developer/msbuild/2003">
  <ItemGroup>
    <Filter Include="源文件">
      <UniqueIdentifier>{4FC737F1-C7A5-4376-A066-2A32D752A2FF}</UniqueIdentifier>
      <Extensions>cpp;c;cc;cxx;def;odl;idl;hpj;bat;asm;asmx</Extensions>
    </Filter>
    <Filter Include="头文件">
      <UniqueIdentifier>{93995380-89BD-4b04-88EB-625FBE52EBFB}</UniqueIdentifier>
      <Extensions>h;hh;hpp;hxx;hm;inl;inc;xsd</Extensions>
    </Filter>
    <Filter Include="资源文件">
      <UniqueIdentifier>{67DA6AB6-F800-4c08-8B7A-83BB121AAD01}</UniqueIdentifier>
      <Extensions>rc;ico;cur;bmp;dlg;rc2;rct;bin;rgs;gif;jpg;jpeg;jpe;resx;tiff;tif;png;wav;mfcribbon-ms</Extensions>
    </Filter>
  </ItemGroup>
  <ItemGroup>
    <ClInclude Include="..\..\clp.hpp">
      <Filter>头文件</Filter>
    </ClInclude>
    <ClInclude Include="..\..\deblurring.hpp">
      <Filter>头文件</Filter>
    </ClInclude>
    <ClInclude Include="..\..\define.hpp">
      <Filter>头文件</Filter>
    </ClInclude>
    <ClInclude Include="..\..\fast_marching.hpp">
      <Filter>头文件</Filter>
    </ClInclude>
    <ClInclude Include="..\..\fast_marching_inl.hpp">
      <Filter>头文件</Filter>
    </ClInclude>
    <ClInclude Include="..\..\frame_source.hpp">
      <Filter>头文件</Filter>
    </ClInclude>
    <ClInclude Include="..\..\global_motion.hpp">
      <Filter>头文件</Filter>
    </ClInclude>
    <ClInclude Include="..\..\inpainting.hpp">
      <Filter>头文件</Filter>
    </ClInclude>
    <ClInclude Include="..\..\log.hpp">
      <Filter>头文件</Filter>
    </ClInclude>
    <ClInclude Include="..\..\motion_core.hpp">
      <Filter>头文件</Filter>
    </ClInclude>
    <ClInclude Include="..\..\motion_stabilizing.hpp">
      <Filter>头文件</Filter>
    </ClInclude>
    <ClInclude Include="..\..\optical_flow.hpp">
      <Filter>头文件</Filter>
    </ClInclude>
    <ClInclude Include="..\..\outlier_rejection.hpp">
      <Filter>头文件</Filter>
    </ClInclude>
    <ClInclude Include="..\..\precomp.hpp">
      <Filter>头文件</Filter>
    </ClInclude>
    <ClInclude Include="..\..\ring_buffer.hpp">
      <Filter>头文件</Filter>
    </ClInclude>
    <ClInclude Include="..\..\stabilizer.hpp">
      <Filter>头文件</Filter>
    </ClInclude>
    <ClInclude Include="..\..\videostab.hpp">
      <Filter>头文件</Filter>
    </ClInclude>
    <ClInclude Include="..\..\wobble_suppression.hpp">
      <Filter>头文件</Filter>
    </ClInclude>
  </ItemGroup>
  <ItemGroup>
    <ClCompile Include="..\..\deblurring.cpp">
      <Filter>源文件</Filter>
    </ClCompile>
    <ClCompile Include="..\..\fast_marching.cpp">
      <Filter>源文件</Filter>
    </ClCompile>
    <ClCompile Include="..\..\frame_source.cpp">
      <Filter>源文件</Filter>
    </ClCompile>
    <ClCompile Include="..\..\global_motion.cpp">
      <Filter>源文件</Filter>
    </ClCompile>
    <ClCompile Include="..\..\inpainting.cpp">
      <Filter>源文件</Filter>
    </ClCompile>
    <ClCompile Include="..\..\log.cpp">
      <Filter>源文件</Filter>
    </ClCompile>
    <ClCompile Include="..\..\motion_stabilizing.cpp">
      <Filter>源文件</Filter>
    </ClCompile>
    <ClCompile Include="..\..\optical_flow.cpp">
      <Filter>源文件</Filter>
    </ClCompile>
    <ClCompile Include="..\..\outlier_rejection.cpp">
      <Filter>源文件</Filter>
    </ClCompile>
    <ClCompile Include="..\..\stabilizer.cpp">
      <Filter>源文件</Filter>
    </ClCompile>
    <ClCompile Include="..\..\videostab.cpp">
      <Filter>源文件</Filter>
    </ClCompile>
    <ClCompile Include="..\..\wobble_suppression.cpp">
      <Filter>源文件</Filter>
    </ClCompile>
  </ItemGroup>
</Project>